// !$*UTF8*$!
{
	archiveVersion = 1;
	classes = {
	};
	objectVersion = 46;
	objects = {

/* Begin PBXBuildFile section */
		E6EA6C741B42DE3B00C9A2EB /* AppDelegate.swift in Sources */ = {isa = PBXBuildFile; fileRef = E6EA6C731B42DE3B00C9A2EB /* AppDelegate.swift */; };
		E6EA6C761B42DE3B00C9A2EB /* ViewController.swift in Sources */ = {isa = PBXBuildFile; fileRef = E6EA6C751B42DE3B00C9A2EB /* ViewController.swift */; };
		E6EA6C791B42DE3B00C9A2EB /* Main.storyboard in Resources */ = {isa = PBXBuildFile; fileRef = E6EA6C771B42DE3B00C9A2EB /* Main.storyboard */; };
		E6EA6C7B1B42DE3B00C9A2EB /* Assets.xcassets in Resources */ = {isa = PBXBuildFile; fileRef = E6EA6C7A1B42DE3B00C9A2EB /* Assets.xcassets */; };
		E6EA6C7E1B42DE3B00C9A2EB /* LaunchScreen.storyboard in Resources */ = {isa = PBXBuildFile; fileRef = E6EA6C7C1B42DE3B00C9A2EB /* LaunchScreen.storyboard */; };
		E6EA6C891B42DE3B00C9A2EB /* Chapter6Tests.swift in Sources */ = {isa = PBXBuildFile; fileRef = E6EA6C881B42DE3B00C9A2EB /* Chapter6Tests.swift */; };
		E6EA6C941B42DE3B00C9A2EB /* Chapter6UITests.swift in Sources */ = {isa = PBXBuildFile; fileRef = E6EA6C931B42DE3B00C9A2EB /* Chapter6UITests.swift */; };
/* End PBXBuildFile section */

/* Begin PBXContainerItemProxy section */
		E6EA6C851B42DE3B00C9A2EB /* PBXContainerItemProxy */ = {
			isa = PBXContainerItemProxy;
			containerPortal = E6EA6C681B42DE3A00C9A2EB /* Project object */;
			proxyType = 1;
			remoteGlobalIDString = E6EA6C6F1B42DE3A00C9A2EB;
			remoteInfo = Chapter6;
		};
		E6EA6C901B42DE3B00C9A2EB /* PBXContainerItemProxy */ = {
			isa = PBXContainerItemProxy;
			containerPortal = E6EA6C681B42DE3A00C9A2EB /* Project object */;
			proxyType = 1;
			remoteGlobalIDString = E6EA6C6F1B42DE3A00C9A2EB;
			remoteInfo = Chapter6;
		};
/* End PBXContainerItemProxy section */

/* Begin PBXFileReference section */
		E6EA6C701B42DE3B00C9A2EB /* Chapter6.app */ = {isa = PBXFileReference; explicitFileType = wrapper.application; includeInIndex = 0; path = Chapter6.app; sourceTree = BUILT_PRODUCTS_DIR; };
		E6EA6C731B42DE3B00C9A2EB /* AppDelegate.swift */ = {isa = PBXFileReference; lastKnownFileType = sourcecode.swift; path = AppDelegate.swift; sourceTree = "<group>"; };
		E6EA6C751B42DE3B00C9A2EB /* ViewController.swift */ = {isa = PBXFileReference; lastKnownFileType = sourcecode.swift; path = ViewController.swift; sourceTree = "<group>"; };
		E6EA6C781B42DE3B00C9A2EB /* Base */ = {isa = PBXFileReference; lastKnownFileType = file.storyboard; name = Base; path = Base.lproj/Main.storyboard; sourceTree = "<group>"; };
		E6EA6C7A1B42DE3B00C9A2EB /* Assets.xcassets */ = {isa = PBXFileReference; lastKnownFileType = folder.assetcatalog; path = Assets.xcassets; sourceTree = "<group>"; };
		E6EA6C7D1B42DE3B00C9A2EB /* Base */ = {isa = PBXFileReference; lastKnownFileType = file.storyboard; name = Base; path = Base.lproj/LaunchScreen.storyboard; sourceTree = "<group>"; };
		E6EA6C7F1B42DE3B00C9A2EB /* Info.plist */ = {isa = PBXFileReference; lastKnownFileType = text.plist.xml; path = Info.plist; sourceTree = "<group>"; };
		E6EA6C841B42DE3B00C9A2EB /* Chapter6Tests.xctest */ = {isa = PBXFileReference; explicitFileType = wrapper.cfbundle; includeInIndex = 0; path = Chapter6Tests.xctest; sourceTree = BUILT_PRODUCTS_DIR; };
		E6EA6C881B42DE3B00C9A2EB /* Chapter6Tests.swift */ = {isa = PBXFileReference; lastKnownFileType = sourcecode.swift; path = Chapter6Tests.swift; sourceTree = "<group>"; };
		E6EA6C8A1B42DE3B00C9A2EB /* Info.plist */ = {isa = PBXFileReference; lastKnownFileType = text.plist.xml; path = Info.plist; sourceTree = "<group>"; };
		E6EA6C8F1B42DE3B00C9A2EB /* Chapter6UITests.xctest */ = {isa = PBXFileReference; explicitFileType = wrapper.cfbundle; includeInIndex = 0; path = Chapter6UITests.xctest; sourceTree = BUILT_PRODUCTS_DIR; };
		E6EA6C931B42DE3B00C9A2EB /* Chapter6UITests.swift */ = {isa = PBXFileReference; lastKnownFileType = sourcecode.swift; path = Chapter6UITests.swift; sourceTree = "<group>"; };
		E6EA6C951B42DE3B00C9A2EB /* Info.plist */ = {isa = PBXFileReference; lastKnownFileType = text.plist.xml; path = Info.plist; sourceTree = "<group>"; };
/* End PBXFileReference section */

/* Begin PBXFrameworksBuildPhase section */
		E6EA6C6D1B42DE3A00C9A2EB /* Frameworks */ = {
			isa = PBXFrameworksBuildPhase;
			buildActionMask = 2147483647;
			files = (
			);
			runOnlyForDeploymentPostprocessing = 0;
		};
		E6EA6C811B42DE3B00C9A2EB /* Frameworks */ = {
			isa = PBXFrameworksBuildPhase;
			buildActionMask = 2147483647;
			files = (
			);
			runOnlyForDeploymentPostprocessing = 0;
		};
		E6EA6C8C1B42DE3B00C9A2EB /* Frameworks */ = {
			isa = PBXFrameworksBuildPhase;
			buildActionMask = 2147483647;
			files = (
			);
			runOnlyForDeploymentPostprocessing = 0;
		};
/* End PBXFrameworksBuildPhase section */

/* Begin PBXGroup section */
		E6EA6C671B42DE3A00C9A2EB = {
			isa = PBXGroup;
			children = (
				E6EA6C721B42DE3B00C9A2EB /* Chapter6 */,
				E6EA6C871B42DE3B00C9A2EB /* Chapter6Tests */,
				E6EA6C921B42DE3B00C9A2EB /* Chapter6UITests */,
				E6EA6C711B42DE3B00C9A2EB /* Products */,
			);
			sourceTree = "<group>";
		};
		E6EA6C711B42DE3B00C9A2EB /* Products */ = {
			isa = PBXGroup;
			children = (
				E6EA6C701B42DE3B00C9A2EB /* Chapter6.app */,
				E6EA6C841B42DE3B00C9A2EB /* Chapter6Tests.xctest */,
				E6EA6C8F1B42DE3B00C9A2EB /* Chapter6UITests.xctest */,
			);
			name = Products;
			sourceTree = "<group>";
		};
		E6EA6C721B42DE3B00C9A2EB /* Chapter6 */ = {
			isa = PBXGroup;
			children = (
				E6EA6C731B42DE3B00C9A2EB /* AppDelegate.swift */,
				E6EA6C751B42DE3B00C9A2EB /* ViewController.swift */,
				E6EA6C771B42DE3B00C9A2EB /* Main.storyboard */,
				E6EA6C7A1B42DE3B00C9A2EB /* Assets.xcassets */,
				E6EA6C7C1B42DE3B00C9A2EB /* LaunchScreen.storyboard */,
				E6EA6C7F1B42DE3B00C9A2EB /* Info.plist */,
			);
			path = Chapter6;
			sourceTree = "<group>";
		};
		E6EA6C871B42DE3B00C9A2EB /* Chapter6Tests */ = {
			isa = PBXGroup;
			children = (
				E6EA6C881B42DE3B00C9A2EB /* Chapter6Tests.swift */,
				E6EA6C8A1B42DE3B00C9A2EB /* Info.plist */,
			);
			path = Chapter6Tests;
			sourceTree = "<group>";
		};
		E6EA6C921B42DE3B00C9A2EB /* Chapter6UITests */ = {
			isa = PBXGroup;
			children = (
				E6EA6C931B42DE3B00C9A2EB /* Chapter6UITests.swift */,
				E6EA6C951B42DE3B00C9A2EB /* Info.plist */,
			);
			path = Chapter6UITests;
			sourceTree = "<group>";
		};
/* End PBXGroup section */

/* Begin PBXNativeTarget section */
		E6EA6C6F1B42DE3A00C9A2EB /* Chapter6 */ = {
			isa = PBXNativeTarget;
			buildConfigurationList = E6EA6C981B42DE3B00C9A2EB /* Build configuration list for PBXNativeTarget "Chapter6" */;
			buildPhases = (
				E6EA6C6C1B42DE3A00C9A2EB /* Sources */,
				E6EA6C6D1B42DE3A00C9A2EB /* Frameworks */,
				E6EA6C6E1B42DE3A00C9A2EB /* Resources */,
			);
			buildRules = (
			);
			dependencies = (
			);
			name = Chapter6;
			productName = Chapter6;
			productReference = E6EA6C701B42DE3B00C9A2EB /* Chapter6.app */;
			productType = "com.apple.product-type.application";
		};
		E6EA6C831B42DE3B00C9A2EB /* Chapter6Tests */ = {
			isa = PBXNativeTarget;
			buildConfigurationList = E6EA6C9B1B42DE3B00C9A2EB /* Build configuration list for PBXNativeTarget "Chapter6Tests" */;
			buildPhases = (
				E6EA6C801B42DE3B00C9A2EB /* Sources */,
				E6EA6C811B42DE3B00C9A2EB /* Frameworks */,
				E6EA6C821B42DE3B00C9A2EB /* Resources */,
			);
			buildRules = (
			);
			dependencies = (
				E6EA6C861B42DE3B00C9A2EB /* PBXTargetDependency */,
			);
			name = Chapter6Tests;
			productName = Chapter6Tests;
			productReference = E6EA6C841B42DE3B00C9A2EB /* Chapter6Tests.xctest */;
			productType = "com.apple.product-type.bundle.unit-test";
		};
		E6EA6C8E1B42DE3B00C9A2EB /* Chapter6UITests */ = {
			isa = PBXNativeTarget;
			buildConfigurationList = E6EA6C9E1B42DE3B00C9A2EB /* Build configuration list for PBXNativeTarget "Chapter6UITests" */;
			buildPhases = (
				E6EA6C8B1B42DE3B00C9A2EB /* Sources */,
				E6EA6C8C1B42DE3B00C9A2EB /* Frameworks */,
				E6EA6C8D1B42DE3B00C9A2EB /* Resources */,
			);
			buildRules = (
			);
			dependencies = (
				E6EA6C911B42DE3B00C9A2EB /* PBXTargetDependency */,
			);
			name = Chapter6UITests;
			productName = Chapter6UITests;
			productReference = E6EA6C8F1B42DE3B00C9A2EB /* Chapter6UITests.xctest */;
			productType = "com.apple.product-type.bundle.ui-testing";
		};
/* End PBXNativeTarget section */

/* Begin PBXProject section */
		E6EA6C681B42DE3A00C9A2EB /* Project object */ = {
			isa = PBXProject;
			attributes = {
				LastUpgradeCheck = 0700;
				ORGANIZATIONNAME = Developer;
				TargetAttributes = {
					E6EA6C6F1B42DE3A00C9A2EB = {
						CreatedOnToolsVersion = 7.0;
					};
					E6EA6C831B42DE3B00C9A2EB = {
						CreatedOnToolsVersion = 7.0;
						TestTargetID = E6EA6C6F1B42DE3A00C9A2EB;
					};
					E6EA6C8E1B42DE3B00C9A2EB = {
						CreatedOnToolsVersion = 7.0;
						TestTargetID = E6EA6C6F1B42DE3A00C9A2EB;
					};
				};
			};
			buildConfigurationList = E6EA6C6B1B42DE3A00C9A2EB /* Build configuration list for PBXProject "Chapter6" */;
			compatibilityVersion = "Xcode 3.2";
			developmentRegion = English;
			hasScannedForEncodings = 0;
			knownRegions = (
				en,
				Base,
			);
			mainGroup = E6EA6C671B42DE3A00C9A2EB;
			productRefGroup = E6EA6C711B42DE3B00C9A2EB /* Products */;
			projectDirPath = "";
			projectRoot = "";
			targets = (
				E6EA6C6F1B42DE3A00C9A2EB /* Chapter6 */,
				E6EA6C831B42DE3B00C9A2EB /* Chapter6Tests */,
				E6EA6C8E1B42DE3B00C9A2EB /* Chapter6UITests */,
			);
		};
/* End PBXProject section */

/* Begin PBXResourcesBuildPhase section */
		E6EA6C6E1B42DE3A00C9A2EB /* Resources */ = {
			isa = PBXResourcesBuildPhase;
			buildActionMask = 2147483647;
			files = (
				E6EA6C7E1B42DE3B00C9A2EB /* LaunchScreen.storyboard in Resources */,
				E6EA6C7B1B42DE3B00C9A2EB /* Assets.xcassets in Resources */,
				E6EA6C791B42DE3B00C9A2EB /* Main.storyboard in Resources */,
			);
			runOnlyForDeploymentPostprocessing = 0;
		};
		E6EA6C821B42DE3B00C9A2EB /* Resources */ = {
			isa = PBXResourcesBuildPhase;
			buildActionMask = 2147483647;
			files = (
			);
			runOnlyForDeploymentPostprocessing = 0;
		};
		E6EA6C8D1B42DE3B00C9A2EB /* Resources */ = {
			isa = PBXResourcesBuildPhase;
			buildActionMask = 2147483647;
			files = (
			);
			runOnlyForDeploymentPostprocessing = 0;
		};
/* End PBXResourcesBuildPhase section */

/* Begin PBXSourcesBuildPhase section */
		E6EA6C6C1B42DE3A00C9A2EB /* Sources */ = {
			isa = PBXSourcesBuildPhase;
			buildActionMask = 2147483647;
			files = (
				E6EA6C761B42DE3B00C9A2EB /* ViewController.swift in Sources */,
				E6EA6C741B42DE3B00C9A2EB /* AppDelegate.swift in Sources */,
			);
			runOnlyForDeploymentPostprocessing = 0;
		};
		E6EA6C801B42DE3B00C9A2EB /* Sources */ = {
			isa = PBXSourcesBuildPhase;
			buildActionMask = 2147483647;
			files = (
				E6EA6C891B42DE3B00C9A2EB /* Chapter6Tests.swift in Sources */,
			);
			runOnlyForDeploymentPostprocessing = 0;
		};
		E6EA6C8B1B42DE3B00C9A2EB /* Sources */ = {
			isa = PBXSourcesBuildPhase;
			buildActionMask = 2147483647;
			files = (
				E6EA6C941B42DE3B00C9A2EB /* Chapter6UITests.swift in Sources */,
			);
			runOnlyForDeploymentPostprocessing = 0;
		};
/* End PBXSourcesBuildPhase section */

/* Begin PBXTargetDependency section */
		E6EA6C861B42DE3B00C9A2EB /* PBXTargetDependency */ = {
			isa = PBXTargetDependency;
			target = E6EA6C6F1B42DE3A00C9A2EB /* Chapter6 */;
			targetProxy = E6EA6C851B42DE3B00C9A2EB /* PBXContainerItemProxy */;
		};
		E6EA6C911B42DE3B00C9A2EB /* PBXTargetDependency */ = {
			isa = PBXTargetDependency;
			target = E6EA6C6F1B42DE3A00C9A2EB /* Chapter6 */;
			targetProxy = E6EA6C901B42DE3B00C9A2EB /* PBXContainerItemProxy */;
		};
/* End PBXTargetDependency section */

/* Begin PBXVariantGroup section */
		E6EA6C771B42DE3B00C9A2EB /* Main.storyboard */ = {
			isa = PBXVariantGroup;
			children = (
				E6EA6C781B42DE3B00C9A2EB /* Base */,
			);
			name = Main.storyboard;
			sourceTree = "<group>";
		};
		E6EA6C7C1B42DE3B00C9A2EB /* LaunchScreen.storyboard */ = {
			isa = PBXVariantGroup;
			children = (
				E6EA6C7D1B42DE3B00C9A2EB /* Base */,
			);
			name = LaunchScreen.storyboard;
			sourceTree = "<group>";
		};
/* End PBXVariantGroup section */

/* Begin XCBuildConfiguration section */
		E6EA6C961B42DE3B00C9A2EB /* Debug */ = {
			isa = XCBuildConfiguration;
			buildSettings = {
				ALWAYS_SEARCH_USER_PATHS = NO;
				CLANG_CXX_LANGUAGE_STANDARD = "gnu++0x";
				CLANG_CXX_LIBRARY = "libc++";
				CLANG_ENABLE_MODULES = YES;
				CLANG_ENABLE_OBJC_ARC = YES;
				CLANG_WARN_BOOL_CONVERSION = YES;
				CLANG_WARN_CONSTANT_CONVERSION = YES;
				CLANG_WARN_DIRECT_OBJC_ISA_USAGE = YES_ERROR;
				CLANG_WARN_EMPTY_BODY = YES;
				CLANG_WARN_ENUM_CONVERSION = YES;
				CLANG_WARN_INT_CONVERSION = YES;
				CLANG_WARN_OBJC_ROOT_CLASS = YES_ERROR;
				CLANG_WARN_UNREACHABLE_CODE = YES;
				CLANG_WARN__DUPLICATE_METHOD_MATCH = YES;
				"CODE_SIGN_IDENTITY[sdk=iphoneos*]" = "iPhone Developer";
				COPY_PHASE_STRIP = NO;
				DEBUG_INFORMATION_FORMAT = dwarf;
				ENABLE_STRICT_OBJC_MSGSEND = YES;
				ENABLE_TESTABILITY = YES;
				GCC_C_LANGUAGE_STANDARD = gnu99;
				GCC_DYNAMIC_NO_PIC = NO;
				GCC_NO_COMMON_BLOCKS = YES;
				GCC_OPTIMIZATION_LEVEL = 0;
				GCC_PREPROCESSOR_DEFINITIONS = (
					"DEBUG=1",
					"$(inherited)",
				);
				GCC_WARN_64_TO_32_BIT_CONVERSION = YES;
				GCC_WARN_ABOUT_RETURN_TYPE = YES_ERROR;
				GCC_WARN_UNDECLARED_SELECTOR = YES;
				GCC_WARN_UNINITIALIZED_AUTOS = YES_AGGRESSIVE;
				GCC_WARN_UNUSED_FUNCTION = YES;
				GCC_WARN_UNUSED_VARIABLE = YES;
				IPHONEOS_DEPLOYMENT_TARGET = 9.0;
				MTL_ENABLE_DEBUG_INFO = YES;
				ONLY_ACTIVE_ARCH = YES;
				SDKROOT = iphoneos;
				SWIFT_OPTIMIZATION_LEVEL = "-Onone";
			};
			name = Debug;
		};
		E6EA6C971B42DE3B00C9A2EB /* Release */ = {
			isa = XCBuildConfiguration;
			buildSettings = {
				ALWAYS_SEARCH_USER_PATHS = NO;
				CLANG_CXX_LANGUAGE_STANDARD = "gnu++0x";
				CLANG_CXX_LIBRARY = "libc++";
				CLANG_ENABLE_MODULES = YES;
				CLANG_ENABLE_OBJC_ARC = YES;
				CLANG_WARN_BOOL_CONVERSION = YES;
				CLANG_WARN_CONSTANT_CONVERSION = YES;
				CLANG_WARN_DIRECT_OBJC_ISA_USAGE = YES_ERROR;
				CLANG_WARN_EMPTY_BODY = YES;
				CLANG_WARN_ENUM_CONVERSION = YES;
				CLANG_WARN_INT_CONVERSION = YES;
				CLANG_WARN_OBJC_ROOT_CLASS = YES_ERROR;
				CLANG_WARN_UNREACHABLE_CODE = YES;
				CLANG_WARN__DUPLICATE_METHOD_MATCH = YES;
				"CODE_SIGN_IDENTITY[sdk=iphoneos*]" = "iPhone Developer";
				COPY_PHASE_STRIP = NO;
				DEBUG_INFORMATION_FORMAT = "dwarf-with-dsym";
				ENABLE_NS_ASSERTIONS = NO;
				ENABLE_STRICT_OBJC_MSGSEND = YES;
				GCC_C_LANGUAGE_STANDARD = gnu99;
				GCC_NO_COMMON_BLOCKS = YES;
				GCC_WARN_64_TO_32_BIT_CONVERSION = YES;
				GCC_WARN_ABOUT_RETURN_TYPE = YES_ERROR;
				GCC_WARN_UNDECLARED_SELECTOR = YES;
				GCC_WARN_UNINITIALIZED_AUTOS = YES_AGGRESSIVE;
				GCC_WARN_UNUSED_FUNCTION = YES;
				GCC_WARN_UNUSED_VARIABLE = YES;
				IPHONEOS_DEPLOYMENT_TARGET = 9.0;
				MTL_ENABLE_DEBUG_INFO = NO;
				SDKROOT = iphoneos;
				VALIDATE_PRODUCT = YES;
			};
			name = Release;
		};
		E6EA6C991B42DE3B00C9A2EB /* Debug */ = {
			isa = XCBuildConfiguration;
			buildSettings = {
				ASSETCATALOG_COMPILER_APPICON_NAME = AppIcon;
				INFOPLIST_FILE = Chapter6/Info.plist;
				LD_RUNPATH_SEARCH_PATHS = "$(inherited) @executable_path/Frameworks";
				PRODUCT_BUNDLE_IDENTIFIER = com.innovativeware.Chapter6;
				PRODUCT_NAME = "$(TARGET_NAME)";
			};
			name = Debug;
		};
		E6EA6C9A1B42DE3B00C9A2EB /* Release */ = {
			isa = XCBuildConfiguration;
			buildSettings = {
				ASSETCATALOG_COMPILER_APPICON_NAME = AppIcon;
				INFOPLIST_FILE = Chapter6/Info.plist;
				LD_RUNPATH_SEARCH_PATHS = "$(inherited) @executable_path/Frameworks";
				PRODUCT_BUNDLE_IDENTIFIER = com.innovativeware.Chapter6;
				PRODUCT_NAME = "$(TARGET_NAME)";
			};
			name = Release;
		};
		E6EA6C9C1B42DE3B00C9A2EB /* Debug */ = {
			isa = XCBuildConfiguration;
			buildSettings = {
				BUNDLE_LOADER = "$(TEST_HOST)";
				INFOPLIST_FILE = Chapter6Tests/Info.plist;
				LD_RUNPATH_SEARCH_PATHS = "$(inherited) @executable_path/Frameworks @loader_path/Frameworks";
				PRODUCT_BUNDLE_IDENTIFIER = com.innovativeware.Chapter6Tests;
				PRODUCT_NAME = "$(TARGET_NAME)";
				TEST_HOST = "$(BUILT_PRODUCTS_DIR)/Chapter6.app/Chapter6";
			};
			name = Debug;
		};
		E6EA6C9D1B42DE3B00C9A2EB /* Release */ = {
			isa = XCBuildConfiguration;
			buildSettings = {
				BUNDLE_LOADER = "$(TEST_HOST)";
				INFOPLIST_FILE = Chapter6Tests/Info.plist;
				LD_RUNPATH_SEARCH_PATHS = "$(inherited) @executable_path/Frameworks @loader_path/Frameworks";
				PRODUCT_BUNDLE_IDENTIFIER = com.innovativeware.Chapter6Tests;
				PRODUCT_NAME = "$(TARGET_NAME)";
				TEST_HOST = "$(BUILT_PRODUCTS_DIR)/Chapter6.app/Chapter6";
			};
			name = Release;
		};
		E6EA6C9F1B42DE3B00C9A2EB /* Debug */ = {
			isa = XCBuildConfiguration;
			buildSettings = {
				INFOPLIST_FILE = Chapter6UITests/Info.plist;
				LD_RUNPATH_SEARCH_PATHS = "$(inherited) @executable_path/Frameworks @loader_path/Frameworks";
				PRODUCT_BUNDLE_IDENTIFIER = com.innovativeware.Chapter6UITests;
				PRODUCT_NAME = "$(TARGET_NAME)";
				TEST_TARGET_NAME = Chapter6;
				USES_XCTRUNNER = YES;
			};
			name = Debug;
		};
		E6EA6CA01B42DE3B00C9A2EB /* Release */ = {
			isa = XCBuildConfiguration;
			buildSettings = {
				INFOPLIST_FILE = Chapter6UITests/Info.plist;
				LD_RUNPATH_SEARCH_PATHS = "$(inherited) @executable_path/Frameworks @loader_path/Frameworks";
				PRODUCT_BUNDLE_IDENTIFIER = com.innovativeware.Chapter6UITests;
				PRODUCT_NAME = "$(TARGET_NAME)";
				TEST_TARGET_NAME = Chapter6;
				USES_XCTRUNNER = YES;
			};
			name = Release;
		};
/* End XCBuildConfiguration section */

/* Begin XCConfigurationList section */
		E6EA6C6B1B42DE3A00C9A2EB /* Build configuration list for PBXProject "Chapter6" */ = {
			isa = XCConfigurationList;
			buildConfigurations = (
				E6EA6C961B42DE3B00C9A2EB /* Debug */,
				E6EA6C971B42DE3B00C9A2EB /* Release */,
			);
			defaultConfigurationIsVisible = 0;
			defaultConfigurationName = Release;
		};
		E6EA6C981B42DE3B00C9A2EB /* Build configuration list for PBXNativeTarget "Chapter6" */ = {
			isa = XCConfigurationList;
			buildConfigurations = (
				E6EA6C991B42DE3B00C9A2EB /* Debug */,
				E6EA6C9A1B42DE3B00C9A2EB /* Release */,
			);
			defaultConfigurationIsVisible = 0;
		};
		E6EA6C9B1B42DE3B00C9A2EB /* Build configuration list for PBXNativeTarget "Chapter6Tests" */ = {
			isa = XCConfigurationList;
			buildConfigurations = (
				E6EA6C9C1B42DE3B00C9A2EB /* Debug */,
				E6EA6C9D1B42DE3B00C9A2EB /* Release */,
			);
			defaultConfigurationIsVisible = 0;
		};
		E6EA6C9E1B42DE3B00C9A2EB /* Build configuration list for PBXNativeTarget "Chapter6UITests" */ = {
			isa = XCConfigurationList;
			buildConfigurations = (
				E6EA6C9F1B42DE3B00C9A2EB /* Debug */,
				E6EA6CA01B42DE3B00C9A2EB /* Release */,
			);
			defaultConfigurationIsVisible = 0;
		};
/* End XCConfigurationList section */
	};
	rootObject = E6EA6C681B42DE3A00C9A2EB /* Project object */;
}
